// !$*UTF8*$!
{
	archiveVersion = 1;
	classes = {
	};
	objectVersion = 46;
	objects = {

/* Begin PBXBuildFile section */
		72A7C9B51F2CD54800B67A94 /* PhotoDataSource.swift in Sources */ = {isa = PBXBuildFile; fileRef = 72A7C9B41F2CD54800B67A94 /* PhotoDataSource.swift */; };
		72A7C9B71F2CD9F800B67A94 /* PhotoCollectionViewCell.swift in Sources */ = {isa = PBXBuildFile; fileRef = 72A7C9B61F2CD9F800B67A94 /* PhotoCollectionViewCell.swift */; };
		72A7C9B91F2CEAED00B67A94 /* PhotoInfoViewController.swift in Sources */ = {isa = PBXBuildFile; fileRef = 72A7C9B81F2CEAED00B67A94 /* PhotoInfoViewController.swift */; };
		72A7C9BB1F2CEBEA00B67A94 /* ImageStore.swift in Sources */ = {isa = PBXBuildFile; fileRef = 72A7C9BA1F2CEBEA00B67A94 /* ImageStore.swift */; };
		72F98AE11F2C5CAD002B438E /* AppDelegate.swift in Sources */ = {isa = PBXBuildFile; fileRef = 72F98AE01F2C5CAD002B438E /* AppDelegate.swift */; };
		72F98AE61F2C5CAD002B438E /* Main.storyboard in Resources */ = {isa = PBXBuildFile; fileRef = 72F98AE41F2C5CAD002B438E /* Main.storyboard */; };
		72F98AE81F2C5CAD002B438E /* Assets.xcassets in Resources */ = {isa = PBXBuildFile; fileRef = 72F98AE71F2C5CAD002B438E /* Assets.xcassets */; };
		72F98AEB1F2C5CAD002B438E /* LaunchScreen.storyboard in Resources */ = {isa = PBXBuildFile; fileRef = 72F98AE91F2C5CAD002B438E /* LaunchScreen.storyboard */; };
		72F98AF31F2C5CD0002B438E /* PhotosViewController.swift in Sources */ = {isa = PBXBuildFile; fileRef = 72F98AF21F2C5CD0002B438E /* PhotosViewController.swift */; };
		72F98AF51F2C5F19002B438E /* FlickrAPI.swift in Sources */ = {isa = PBXBuildFile; fileRef = 72F98AF41F2C5F19002B438E /* FlickrAPI.swift */; };
		72F98AF71F2C6753002B438E /* PhotoStore.swift in Sources */ = {isa = PBXBuildFile; fileRef = 72F98AF61F2C6753002B438E /* PhotoStore.swift */; };
		72F98AF91F2C7019002B438E /* Photo.swift in Sources */ = {isa = PBXBuildFile; fileRef = 72F98AF81F2C7019002B438E /* Photo.swift */; };
/* End PBXBuildFile section */

/* Begin PBXFileReference section */
		72A7C9B41F2CD54800B67A94 /* PhotoDataSource.swift */ = {isa = PBXFileReference; fileEncoding = 4; lastKnownFileType = sourcecode.swift; path = PhotoDataSource.swift; sourceTree = "<group>"; };
		72A7C9B61F2CD9F800B67A94 /* PhotoCollectionViewCell.swift */ = {isa = PBXFileReference; fileEncoding = 4; lastKnownFileType = sourcecode.swift; path = PhotoCollectionViewCell.swift; sourceTree = "<group>"; };
		72A7C9B81F2CEAED00B67A94 /* PhotoInfoViewController.swift */ = {isa = PBXFileReference; fileEncoding = 4; lastKnownFileType = sourcecode.swift; path = PhotoInfoViewController.swift; sourceTree = "<group>"; };
		72A7C9BA1F2CEBEA00B67A94 /* ImageStore.swift */ = {isa = PBXFileReference; fileEncoding = 4; lastKnownFileType = sourcecode.swift; path = ImageStore.swift; sourceTree = "<group>"; };
		72F98ADD1F2C5CAD002B438E /* Photorama.app */ = {isa = PBXFileReference; explicitFileType = wrapper.application; includeInIndex = 0; path = Photorama.app; sourceTree = BUILT_PRODUCTS_DIR; };
		72F98AE01F2C5CAD002B438E /* AppDelegate.swift */ = {isa = PBXFileReference; lastKnownFileType = sourcecode.swift; path = AppDelegate.swift; sourceTree = "<group>"; };
		72F98AE51F2C5CAD002B438E /* Base */ = {isa = PBXFileReference; lastKnownFileType = file.storyboard; name = Base; path = Base.lproj/Main.storyboard; sourceTree = "<group>"; };
		72F98AE71F2C5CAD002B438E /* Assets.xcassets */ = {isa = PBXFileReference; lastKnownFileType = folder.assetcatalog; path = Assets.xcassets; sourceTree = "<group>"; };
		72F98AEA1F2C5CAD002B438E /* Base */ = {isa = PBXFileReference; lastKnownFileType = file.storyboard; name = Base; path = Base.lproj/LaunchScreen.storyboard; sourceTree = "<group>"; };
		72F98AEC1F2C5CAD002B438E /* Info.plist */ = {isa = PBXFileReference; lastKnownFileType = text.plist.xml; path = Info.plist; sourceTree = "<group>"; };
		72F98AF21F2C5CD0002B438E /* PhotosViewController.swift */ = {isa = PBXFileReference; fileEncoding = 4; lastKnownFileType = sourcecode.swift; path = PhotosViewController.swift; sourceTree = "<group>"; };
		72F98AF41F2C5F19002B438E /* FlickrAPI.swift */ = {isa = PBXFileReference; fileEncoding = 4; lastKnownFileType = sourcecode.swift; path = FlickrAPI.swift; sourceTree = "<group>"; };
		72F98AF61F2C6753002B438E /* PhotoStore.swift */ = {isa = PBXFileReference; fileEncoding = 4; lastKnownFileType = sourcecode.swift; path = PhotoStore.swift; sourceTree = "<group>"; };
		72F98AF81F2C7019002B438E /* Photo.swift */ = {isa = PBXFileReference; fileEncoding = 4; lastKnownFileType = sourcecode.swift; path = Photo.swift; sourceTree = "<group>"; };
/* End PBXFileReference section */

/* Begin PBXFrameworksBuildPhase section */
		72F98ADA1F2C5CAD002B438E /* Frameworks */ = {
			isa = PBXFrameworksBuildPhase;
			buildActionMask = 2147483647;
			files = (
			);
			runOnlyForDeploymentPostprocessing = 0;
		};
/* End PBXFrameworksBuildPhase section */

/* Begin PBXGroup section */
		72F98AD41F2C5CAD002B438E = {
			isa = PBXGroup;
			children = (
				72F98ADF1F2C5CAD002B438E /* Photorama */,
				72F98ADE1F2C5CAD002B438E /* Products */,
			);
			sourceTree = "<group>";
		};
		72F98ADE1F2C5CAD002B438E /* Products */ = {
			isa = PBXGroup;
			children = (
				72F98ADD1F2C5CAD002B438E /* Photorama.app */,
			);
			name = Products;
			sourceTree = "<group>";
		};
		72F98ADF1F2C5CAD002B438E /* Photorama */ = {
			isa = PBXGroup;
			children = (
				72F98AE01F2C5CAD002B438E /* AppDelegate.swift */,
				72F98AF81F2C7019002B438E /* Photo.swift */,
				72F98AF41F2C5F19002B438E /* FlickrAPI.swift */,
				72F98AF61F2C6753002B438E /* PhotoStore.swift */,
				72A7C9BA1F2CEBEA00B67A94 /* ImageStore.swift */,
				72A7C9B41F2CD54800B67A94 /* PhotoDataSource.swift */,
				72A7C9B61F2CD9F800B67A94 /* PhotoCollectionViewCell.swift */,
				72F98AF21F2C5CD0002B438E /* PhotosViewController.swift */,
				72A7C9B81F2CEAED00B67A94 /* PhotoInfoViewController.swift */,
				72F98AE41F2C5CAD002B438E /* Main.storyboard */,
				72F98AE71F2C5CAD002B438E /* Assets.xcassets */,
				72F98AE91F2C5CAD002B438E /* LaunchScreen.storyboard */,
				72F98AEC1F2C5CAD002B438E /* Info.plist */,
			);
			path = Photorama;
			sourceTree = "<group>";
		};
/* End PBXGroup section */

/* Begin PBXNativeTarget section */
		72F98ADC1F2C5CAD002B438E /* Photorama */ = {
			isa = PBXNativeTarget;
			buildConfigurationList = 72F98AEF1F2C5CAD002B438E /* Build configuration list for PBXNativeTarget "Photorama" */;
			buildPhases = (
				72F98AD91F2C5CAD002B438E /* Sources */,
				72F98ADA1F2C5CAD002B438E /* Frameworks */,
				72F98ADB1F2C5CAD002B438E /* Resources */,
			);
			buildRules = (
			);
			dependencies = (
			);
			name = Photorama;
			productName = Photorama;
			productReference = 72F98ADD1F2C5CAD002B438E /* Photorama.app */;
			productType = "com.apple.product-type.application";
		};
/* End PBXNativeTarget section */

/* Begin PBXProject section */
		72F98AD51F2C5CAD002B438E /* Project object */ = {
			isa = PBXProject;
			attributes = {
				LastSwiftUpdateCheck = 0830;
				LastUpgradeCheck = 0830;
				ORGANIZATIONNAME = LEEJUN;
				TargetAttributes = {
					72F98ADC1F2C5CAD002B438E = {
						CreatedOnToolsVersion = 8.3.3;
						DevelopmentTeam = 836DYQVDP8;
						ProvisioningStyle = Automatic;
					};
				};
			};
			buildConfigurationList = 72F98AD81F2C5CAD002B438E /* Build configuration list for PBXProject "Photorama" */;
			compatibilityVersion = "Xcode 3.2";
			developmentRegion = English;
			hasScannedForEncodings = 0;
			knownRegions = (
				en,
				Base,
			);
			mainGroup = 72F98AD41F2C5CAD002B438E;
			productRefGroup = 72F98ADE1F2C5CAD002B438E /* Products */;
			projectDirPath = "";
			projectRoot = "";
			targets = (
				72F98ADC1F2C5CAD002B438E /* Photorama */,
			);
		};
/* End PBXProject section */

/* Begin PBXResourcesBuildPhase section */
		72F98ADB1F2C5CAD002B438E /* Resources */ = {
			isa = PBXResourcesBuildPhase;
			buildActionMask = 2147483647;
			files = (
				72F98AEB1F2C5CAD002B438E /* LaunchScreen.storyboard in Resources */,
				72F98AE81F2C5CAD002B438E /* Assets.xcassets in Resources */,
				72F98AE61F2C5CAD002B438E /* Main.storyboard in Resources */,
			);
			runOnlyForDeploymentPostprocessing = 0;
		};
/* End PBXResourcesBuildPhase section */

/* Begin PBXSourcesBuildPhase section */
		72F98AD91F2C5CAD002B438E /* Sources */ = {
			isa = PBXSourcesBuildPhase;
			buildActionMask = 2147483647;
			files = (
				72F98AF51F2C5F19002B438E /* FlickrAPI.swift in Sources */,
				72F98AF31F2C5CD0002B438E /* PhotosViewController.swift in Sources */,
				72F98AF71F2C6753002B438E /* PhotoStore.swift in Sources */,
				72A7C9B51F2CD54800B67A94 /* PhotoDataSource.swift in Sources */,
				72A7C9B71F2CD9F800B67A94 /* PhotoCollectionViewCell.swift in Sources */,
				72A7C9BB1F2CEBEA00B67A94 /* ImageStore.swift in Sources */,
				72A7C9B91F2CEAED00B67A94 /* PhotoInfoViewController.swift in Sources */,
				72F98AE11F2C5CAD002B438E /* AppDelegate.swift in Sources */,
				72F98AF91F2C7019002B438E /* Photo.swift in Sources */,
			);
			runOnlyForDeploymentPostprocessing = 0;
		};
/* End PBXSourcesBuildPhase section */

/* Begin PBXVariantGroup section */
		72F98AE41F2C5CAD002B438E /* Main.storyboard */ = {
			isa = PBXVariantGroup;
			children = (
				72F98AE51F2C5CAD002B438E /* Base */,
			);
			name = Main.storyboard;
			sourceTree = "<group>";
		};
		72F98AE91F2C5CAD002B438E /* LaunchScreen.storyboard */ = {
			isa = PBXVariantGroup;
			children = (
				72F98AEA1F2C5CAD002B438E /* Base */,
			);
			name = LaunchScreen.storyboard;
			sourceTree = "<group>";
		};
/* End PBXVariantGroup section */

/* Begin XCBuildConfiguration section */
		72F98AED1F2C5CAD002B438E /* Debug */ = {
			isa = XCBuildConfiguration;
			buildSettings = {
				ALWAYS_SEARCH_USER_PATHS = NO;
				CLANG_ANALYZER_NONNULL = YES;
				CLANG_ANALYZER_NUMBER_OBJECT_CONVERSION = YES_AGGRESSIVE;
				CLANG_CXX_LANGUAGE_STANDARD = "gnu++0x";
				CLANG_CXX_LIBRARY = "libc++";
				CLANG_ENABLE_MODULES = YES;
				CLANG_ENABLE_OBJC_ARC = YES;
				CLANG_WARN_BOOL_CONVERSION = YES;
				CLANG_WARN_CONSTANT_CONVERSION = YES;
				CLANG_WARN_DIRECT_OBJC_ISA_USAGE = YES_ERROR;
				CLANG_WARN_DOCUMENTATION_COMMENTS = YES;
				CLANG_WARN_EMPTY_BODY = YES;
				CLANG_WARN_ENUM_CONVERSION = YES;
				CLANG_WARN_INFINITE_RECURSION = YES;
				CLANG_WARN_INT_CONVERSION = YES;
				CLANG_WARN_OBJC_ROOT_CLASS = YES_ERROR;
				CLANG_WARN_SUSPICIOUS_MOVE = YES;
				CLANG_WARN_UNREACHABLE_CODE = YES;
				CLANG_WARN__DUPLICATE_METHOD_MATCH = YES;
				"CODE_SIGN_IDENTITY[sdk=iphoneos*]" = "iPhone Developer";
				COPY_PHASE_STRIP = NO;
				DEBUG_INFORMATION_FORMAT = dwarf;
				ENABLE_STRICT_OBJC_MSGSEND = YES;
				ENABLE_TESTABILITY = YES;
				GCC_C_LANGUAGE_STANDARD = gnu99;
				GCC_DYNAMIC_NO_PIC = NO;
				GCC_NO_COMMON_BLOCKS = YES;
				GCC_OPTIMIZATION_LEVEL = 0;
				GCC_PREPROCESSOR_DEFINITIONS = (
					"DEBUG=1",
					"$(inherited)",
				);
				GCC_WARN_64_TO_32_BIT_CONVERSION = YES;
				GCC_WARN_ABOUT_RETURN_TYPE = YES_ERROR;
				GCC_WARN_UNDECLARED_SELECTOR = YES;
				GCC_WARN_UNINITIALIZED_AUTOS = YES_AGGRESSIVE;
				GCC_WARN_UNUSED_FUNCTION = YES;
				GCC_WARN_UNUSED_VARIABLE = YES;
				IPHONEOS_DEPLOYMENT_TARGET = 10.3;
				MTL_ENABLE_DEBUG_INFO = YES;
				ONLY_ACTIVE_ARCH = YES;
				SDKROOT = iphoneos;
				SWIFT_ACTIVE_COMPILATION_CONDITIONS = DEBUG;
				SWIFT_OPTIMIZATION_LEVEL = "-Onone";
				TARGETED_DEVICE_FAMILY = "1,2";
			};
			name = Debug;
		};
		72F98AEE1F2C5CAD002B438E /* Release */ = {
			isa = XCBuildConfiguration;
			buildSettings = {
				ALWAYS_SEARCH_USER_PATHS = NO;
				CLANG_ANALYZER_NONNULL = YES;
				CLANG_ANALYZER_NUMBER_OBJECT_CONVERSION = YES_AGGRESSIVE;
				CLANG_CXX_LANGUAGE_STANDARD = "gnu++0x";
				CLANG_CXX_LIBRARY = "libc++";
				CLANG_ENABLE_MODULES = YES;
				CLANG_ENABLE_OBJC_ARC = YES;
				CLANG_WARN_BOOL_CONVERSION = YES;
				CLANG_WARN_CONSTANT_CONVERSION = YES;
				CLANG_WARN_DIRECT_OBJC_ISA_USAGE = YES_ERROR;
				CLANG_WARN_DOCUMENTATION_COMMENTS = YES;
				CLANG_WARN_EMPTY_BODY = YES;
				CLANG_WARN_ENUM_CONVERSION = YES;
				CLANG_WARN_INFINITE_RECURSION = YES;
				CLANG_WARN_INT_CONVERSION = YES;
				CLANG_WARN_OBJC_ROOT_CLASS = YES_ERROR;
				CLANG_WARN_SUSPICIOUS_MOVE = YES;
				CLANG_WARN_UNREACHABLE_CODE = YES;
				CLANG_WARN__DUPLICATE_METHOD_MATCH = YES;
				"CODE_SIGN_IDENTITY[sdk=iphoneos*]" = "iPhone Developer";
				COPY_PHASE_STRIP = NO;
				DEBUG_INFORMATION_FORMAT = "dwarf-with-dsym";
				ENABLE_NS_ASSERTIONS = NO;
				ENABLE_STRICT_OBJC_MSGSEND = YES;
				GCC_C_LANGUAGE_STANDARD = gnu99;
				GCC_NO_COMMON_BLOCKS = YES;
				GCC_WARN_64_TO_32_BIT_CONVERSION = YES;
				GCC_WARN_ABOUT_RETURN_TYPE = YES_ERROR;
				GCC_WARN_UNDECLARED_SELECTOR = YES;
				GCC_WARN_UNINITIALIZED_AUTOS = YES_AGGRESSIVE;
				GCC_WARN_UNUSED_FUNCTION = YES;
				GCC_WARN_UNUSED_VARIABLE = YES;
				IPHONEOS_DEPLOYMENT_TARGET = 10.3;
				MTL_ENABLE_DEBUG_INFO = NO;
				SDKROOT = iphoneos;
				SWIFT_OPTIMIZATION_LEVEL = "-Owholemodule";
				TARGETED_DEVICE_FAMILY = "1,2";
				VALIDATE_PRODUCT = YES;
			};
			name = Release;
		};
		72F98AF01F2C5CAD002B438E /* Debug */ = {
			isa = XCBuildConfiguration;
			buildSettings = {
				ASSETCATALOG_COMPILER_APPICON_NAME = AppIcon;
				DEVELOPMENT_TEAM = 836DYQVDP8;
				INFOPLIST_FILE = Photorama/Info.plist;
				LD_RUNPATH_SEARCH_PATHS = "$(inherited) @executable_path/Frameworks";
				PRODUCT_BUNDLE_IDENTIFIER = com.leejun.Photorama;
				PRODUCT_NAME = "$(TARGET_NAME)";
				SWIFT_VERSION = 3.0;
			};
			name = Debug;
		};
		72F98AF11F2C5CAD002B438E /* Release */ = {
			isa = XCBuildConfiguration;
			buildSettings = {
				ASSETCATALOG_COMPILER_APPICON_NAME = AppIcon;
				DEVELOPMENT_TEAM = 836DYQVDP8;
				INFOPLIST_FILE = Photorama/Info.plist;
				LD_RUNPATH_SEARCH_PATHS = "$(inherited) @executable_path/Frameworks";
				PRODUCT_BUNDLE_IDENTIFIER = com.leejun.Photorama;
				PRODUCT_NAME = "$(TARGET_NAME)";
				SWIFT_VERSION = 3.0;
			};
			name = Release;
		};
/* End XCBuildConfiguration section */

/* Begin XCConfigurationList section */
		72F98AD81F2C5CAD002B438E /* Build configuration list for PBXProject "Photorama" */ = {
			isa = XCConfigurationList;
			buildConfigurations = (
				72F98AED1F2C5CAD002B438E /* Debug */,
				72F98AEE1F2C5CAD002B438E /* Release */,
			);
			defaultConfigurationIsVisible = 0;
			defaultConfigurationName = Release;
		};
		72F98AEF1F2C5CAD002B438E /* Build configuration list for PBXNativeTarget "Photorama" */ = {
			isa = XCConfigurationList;
			buildConfigurations = (
				72F98AF01F2C5CAD002B438E /* Debug */,
				72F98AF11F2C5CAD002B438E /* Release */,
			);
			defaultConfigurationIsVisible = 0;
			defaultConfigurationName = Release;
		};
/* End XCConfigurationList section */
	};
	rootObject = 72F98AD51F2C5CAD002B438E /* Project object */;
}
