// !$*UTF8*$!
{
	archiveVersion = 1;
	classes = {
	};
	objectVersion = 46;
	objects = {

/* Begin PBXBuildFile section */
		722996541F1DCFE000D95D28 /* MyButton.swift in Sources */ = {isa = PBXBuildFile; fileRef = 722996531F1DCFE000D95D28 /* MyButton.swift */; };
		72BAB33C1F1D1B4E00B99B93 /* AppDelegate.swift in Sources */ = {isa = PBXBuildFile; fileRef = 72BAB33B1F1D1B4E00B99B93 /* AppDelegate.swift */; };
		72BAB33E1F1D1B4E00B99B93 /* ViewController.swift in Sources */ = {isa = PBXBuildFile; fileRef = 72BAB33D1F1D1B4E00B99B93 /* ViewController.swift */; };
		72BAB3411F1D1B4E00B99B93 /* Main.storyboard in Resources */ = {isa = PBXBuildFile; fileRef = 72BAB33F1F1D1B4E00B99B93 /* Main.storyboard */; };
		72BAB3431F1D1B4E00B99B93 /* Assets.xcassets in Resources */ = {isa = PBXBuildFile; fileRef = 72BAB3421F1D1B4E00B99B93 /* Assets.xcassets */; };
		72BAB3461F1D1B4E00B99B93 /* LaunchScreen.storyboard in Resources */ = {isa = PBXBuildFile; fileRef = 72BAB3441F1D1B4E00B99B93 /* LaunchScreen.storyboard */; };
/* End PBXBuildFile section */

/* Begin PBXFileReference section */
		722996531F1DCFE000D95D28 /* MyButton.swift */ = {isa = PBXFileReference; fileEncoding = 4; lastKnownFileType = sourcecode.swift; path = MyButton.swift; sourceTree = "<group>"; };
		72BAB3381F1D1B4E00B99B93 /* MakeButton.app */ = {isa = PBXFileReference; explicitFileType = wrapper.application; includeInIndex = 0; path = MakeButton.app; sourceTree = BUILT_PRODUCTS_DIR; };
		72BAB33B1F1D1B4E00B99B93 /* AppDelegate.swift */ = {isa = PBXFileReference; lastKnownFileType = sourcecode.swift; path = AppDelegate.swift; sourceTree = "<group>"; };
		72BAB33D1F1D1B4E00B99B93 /* ViewController.swift */ = {isa = PBXFileReference; lastKnownFileType = sourcecode.swift; path = ViewController.swift; sourceTree = "<group>"; };
		72BAB3401F1D1B4E00B99B93 /* Base */ = {isa = PBXFileReference; lastKnownFileType = file.storyboard; name = Base; path = Base.lproj/Main.storyboard; sourceTree = "<group>"; };
		72BAB3421F1D1B4E00B99B93 /* Assets.xcassets */ = {isa = PBXFileReference; lastKnownFileType = folder.assetcatalog; path = Assets.xcassets; sourceTree = "<group>"; };
		72BAB3451F1D1B4E00B99B93 /* Base */ = {isa = PBXFileReference; lastKnownFileType = file.storyboard; name = Base; path = Base.lproj/LaunchScreen.storyboard; sourceTree = "<group>"; };
		72BAB3471F1D1B4E00B99B93 /* Info.plist */ = {isa = PBXFileReference; lastKnownFileType = text.plist.xml; path = Info.plist; sourceTree = "<group>"; };
/* End PBXFileReference section */

/* Begin PBXFrameworksBuildPhase section */
		72BAB3351F1D1B4E00B99B93 /* Frameworks */ = {
			isa = PBXFrameworksBuildPhase;
			buildActionMask = 2147483647;
			files = (
			);
			runOnlyForDeploymentPostprocessing = 0;
		};
/* End PBXFrameworksBuildPhase section */

/* Begin PBXGroup section */
		72BAB32F1F1D1B4E00B99B93 = {
			isa = PBXGroup;
			children = (
				72BAB33A1F1D1B4E00B99B93 /* MakeButton */,
				72BAB3391F1D1B4E00B99B93 /* Products */,
			);
			sourceTree = "<group>";
		};
		72BAB3391F1D1B4E00B99B93 /* Products */ = {
			isa = PBXGroup;
			children = (
				72BAB3381F1D1B4E00B99B93 /* MakeButton.app */,
			);
			name = Products;
			sourceTree = "<group>";
		};
		72BAB33A1F1D1B4E00B99B93 /* MakeButton */ = {
			isa = PBXGroup;
			children = (
				72BAB33B1F1D1B4E00B99B93 /* AppDelegate.swift */,
				72BAB33D1F1D1B4E00B99B93 /* ViewController.swift */,
				722996531F1DCFE000D95D28 /* MyButton.swift */,
				72BAB33F1F1D1B4E00B99B93 /* Main.storyboard */,
				72BAB3421F1D1B4E00B99B93 /* Assets.xcassets */,
				72BAB3441F1D1B4E00B99B93 /* LaunchScreen.storyboard */,
				72BAB3471F1D1B4E00B99B93 /* Info.plist */,
			);
			path = MakeButton;
			sourceTree = "<group>";
		};
/* End PBXGroup section */

/* Begin PBXNativeTarget section */
		72BAB3371F1D1B4E00B99B93 /* MakeButton */ = {
			isa = PBXNativeTarget;
			buildConfigurationList = 72BAB34A1F1D1B4E00B99B93 /* Build configuration list for PBXNativeTarget "MakeButton" */;
			buildPhases = (
				72BAB3341F1D1B4E00B99B93 /* Sources */,
				72BAB3351F1D1B4E00B99B93 /* Frameworks */,
				72BAB3361F1D1B4E00B99B93 /* Resources */,
			);
			buildRules = (
			);
			dependencies = (
			);
			name = MakeButton;
			productName = MakeButton;
			productReference = 72BAB3381F1D1B4E00B99B93 /* MakeButton.app */;
			productType = "com.apple.product-type.application";
		};
/* End PBXNativeTarget section */

/* Begin PBXProject section */
		72BAB3301F1D1B4E00B99B93 /* Project object */ = {
			isa = PBXProject;
			attributes = {
				LastSwiftUpdateCheck = 0830;
				LastUpgradeCheck = 0830;
				ORGANIZATIONNAME = LEEJUN;
				TargetAttributes = {
					72BAB3371F1D1B4E00B99B93 = {
						CreatedOnToolsVersion = 8.3.3;
						DevelopmentTeam = 836DYQVDP8;
						ProvisioningStyle = Automatic;
					};
				};
			};
			buildConfigurationList = 72BAB3331F1D1B4E00B99B93 /* Build configuration list for PBXProject "MakeButton" */;
			compatibilityVersion = "Xcode 3.2";
			developmentRegion = English;
			hasScannedForEncodings = 0;
			knownRegions = (
				en,
				Base,
			);
			mainGroup = 72BAB32F1F1D1B4E00B99B93;
			productRefGroup = 72BAB3391F1D1B4E00B99B93 /* Products */;
			projectDirPath = "";
			projectRoot = "";
			targets = (
				72BAB3371F1D1B4E00B99B93 /* MakeButton */,
			);
		};
/* End PBXProject section */

/* Begin PBXResourcesBuildPhase section */
		72BAB3361F1D1B4E00B99B93 /* Resources */ = {
			isa = PBXResourcesBuildPhase;
			buildActionMask = 2147483647;
			files = (
				72BAB3461F1D1B4E00B99B93 /* LaunchScreen.storyboard in Resources */,
				72BAB3431F1D1B4E00B99B93 /* Assets.xcassets in Resources */,
				72BAB3411F1D1B4E00B99B93 /* Main.storyboard in Resources */,
			);
			runOnlyForDeploymentPostprocessing = 0;
		};
/* End PBXResourcesBuildPhase section */

/* Begin PBXSourcesBuildPhase section */
		72BAB3341F1D1B4E00B99B93 /* Sources */ = {
			isa = PBXSourcesBuildPhase;
			buildActionMask = 2147483647;
			files = (
				72BAB33E1F1D1B4E00B99B93 /* ViewController.swift in Sources */,
				72BAB33C1F1D1B4E00B99B93 /* AppDelegate.swift in Sources */,
				722996541F1DCFE000D95D28 /* MyButton.swift in Sources */,
			);
			runOnlyForDeploymentPostprocessing = 0;
		};
/* End PBXSourcesBuildPhase section */

/* Begin PBXVariantGroup section */
		72BAB33F1F1D1B4E00B99B93 /* Main.storyboard */ = {
			isa = PBXVariantGroup;
			children = (
				72BAB3401F1D1B4E00B99B93 /* Base */,
			);
			name = Main.storyboard;
			sourceTree = "<group>";
		};
		72BAB3441F1D1B4E00B99B93 /* LaunchScreen.storyboard */ = {
			isa = PBXVariantGroup;
			children = (
				72BAB3451F1D1B4E00B99B93 /* Base */,
			);
			name = LaunchScreen.storyboard;
			sourceTree = "<group>";
		};
/* End PBXVariantGroup section */

/* Begin XCBuildConfiguration section */
		72BAB3481F1D1B4E00B99B93 /* Debug */ = {
			isa = XCBuildConfiguration;
			buildSettings = {
				ALWAYS_SEARCH_USER_PATHS = NO;
				CLANG_ANALYZER_NONNULL = YES;
				CLANG_ANALYZER_NUMBER_OBJECT_CONVERSION = YES_AGGRESSIVE;
				CLANG_CXX_LANGUAGE_STANDARD = "gnu++0x";
				CLANG_CXX_LIBRARY = "libc++";
				CLANG_ENABLE_MODULES = YES;
				CLANG_ENABLE_OBJC_ARC = YES;
				CLANG_WARN_BOOL_CONVERSION = YES;
				CLANG_WARN_CONSTANT_CONVERSION = YES;
				CLANG_WARN_DIRECT_OBJC_ISA_USAGE = YES_ERROR;
				CLANG_WARN_DOCUMENTATION_COMMENTS = YES;
				CLANG_WARN_EMPTY_BODY = YES;
				CLANG_WARN_ENUM_CONVERSION = YES;
				CLANG_WARN_INFINITE_RECURSION = YES;
				CLANG_WARN_INT_CONVERSION = YES;
				CLANG_WARN_OBJC_ROOT_CLASS = YES_ERROR;
				CLANG_WARN_SUSPICIOUS_MOVE = YES;
				CLANG_WARN_UNREACHABLE_CODE = YES;
				CLANG_WARN__DUPLICATE_METHOD_MATCH = YES;
				"CODE_SIGN_IDENTITY[sdk=iphoneos*]" = "iPhone Developer";
				COPY_PHASE_STRIP = NO;
				DEBUG_INFORMATION_FORMAT = dwarf;
				ENABLE_STRICT_OBJC_MSGSEND = YES;
				ENABLE_TESTABILITY = YES;
				GCC_C_LANGUAGE_STANDARD = gnu99;
				GCC_DYNAMIC_NO_PIC = NO;
				GCC_NO_COMMON_BLOCKS = YES;
				GCC_OPTIMIZATION_LEVEL = 0;
				GCC_PREPROCESSOR_DEFINITIONS = (
					"DEBUG=1",
					"$(inherited)",
				);
				GCC_WARN_64_TO_32_BIT_CONVERSION = YES;
				GCC_WARN_ABOUT_RETURN_TYPE = YES_ERROR;
				GCC_WARN_UNDECLARED_SELECTOR = YES;
				GCC_WARN_UNINITIALIZED_AUTOS = YES_AGGRESSIVE;
				GCC_WARN_UNUSED_FUNCTION = YES;
				GCC_WARN_UNUSED_VARIABLE = YES;
				IPHONEOS_DEPLOYMENT_TARGET = 10.3;
				MTL_ENABLE_DEBUG_INFO = YES;
				ONLY_ACTIVE_ARCH = YES;
				SDKROOT = iphoneos;
				SWIFT_ACTIVE_COMPILATION_CONDITIONS = DEBUG;
				SWIFT_OPTIMIZATION_LEVEL = "-Onone";
			};
			name = Debug;
		};
		72BAB3491F1D1B4E00B99B93 /* Release */ = {
			isa = XCBuildConfiguration;
			buildSettings = {
				ALWAYS_SEARCH_USER_PATHS = NO;
				CLANG_ANALYZER_NONNULL = YES;
				CLANG_ANALYZER_NUMBER_OBJECT_CONVERSION = YES_AGGRESSIVE;
				CLANG_CXX_LANGUAGE_STANDARD = "gnu++0x";
				CLANG_CXX_LIBRARY = "libc++";
				CLANG_ENABLE_MODULES = YES;
				CLANG_ENABLE_OBJC_ARC = YES;
				CLANG_WARN_BOOL_CONVERSION = YES;
				CLANG_WARN_CONSTANT_CONVERSION = YES;
				CLANG_WARN_DIRECT_OBJC_ISA_USAGE = YES_ERROR;
				CLANG_WARN_DOCUMENTATION_COMMENTS = YES;
				CLANG_WARN_EMPTY_BODY = YES;
				CLANG_WARN_ENUM_CONVERSION = YES;
				CLANG_WARN_INFINITE_RECURSION = YES;
				CLANG_WARN_INT_CONVERSION = YES;
				CLANG_WARN_OBJC_ROOT_CLASS = YES_ERROR;
				CLANG_WARN_SUSPICIOUS_MOVE = YES;
				CLANG_WARN_UNREACHABLE_CODE = YES;
				CLANG_WARN__DUPLICATE_METHOD_MATCH = YES;
				"CODE_SIGN_IDENTITY[sdk=iphoneos*]" = "iPhone Developer";
				COPY_PHASE_STRIP = NO;
				DEBUG_INFORMATION_FORMAT = "dwarf-with-dsym";
				ENABLE_NS_ASSERTIONS = NO;
				ENABLE_STRICT_OBJC_MSGSEND = YES;
				GCC_C_LANGUAGE_STANDARD = gnu99;
				GCC_NO_COMMON_BLOCKS = YES;
				GCC_WARN_64_TO_32_BIT_CONVERSION = YES;
				GCC_WARN_ABOUT_RETURN_TYPE = YES_ERROR;
				GCC_WARN_UNDECLARED_SELECTOR = YES;
				GCC_WARN_UNINITIALIZED_AUTOS = YES_AGGRESSIVE;
				GCC_WARN_UNUSED_FUNCTION = YES;
				GCC_WARN_UNUSED_VARIABLE = YES;
				IPHONEOS_DEPLOYMENT_TARGET = 10.3;
				MTL_ENABLE_DEBUG_INFO = NO;
				SDKROOT = iphoneos;
				SWIFT_OPTIMIZATION_LEVEL = "-Owholemodule";
				VALIDATE_PRODUCT = YES;
			};
			name = Release;
		};
		72BAB34B1F1D1B4E00B99B93 /* Debug */ = {
			isa = XCBuildConfiguration;
			buildSettings = {
				ASSETCATALOG_COMPILER_APPICON_NAME = AppIcon;
				DEVELOPMENT_TEAM = 836DYQVDP8;
				INFOPLIST_FILE = MakeButton/Info.plist;
				LD_RUNPATH_SEARCH_PATHS = "$(inherited) @executable_path/Frameworks";
				PRODUCT_BUNDLE_IDENTIFIER = com.leejun.MakeButton;
				PRODUCT_NAME = "$(TARGET_NAME)";
				SWIFT_VERSION = 3.0;
			};
			name = Debug;
		};
		72BAB34C1F1D1B4E00B99B93 /* Release */ = {
			isa = XCBuildConfiguration;
			buildSettings = {
				ASSETCATALOG_COMPILER_APPICON_NAME = AppIcon;
				DEVELOPMENT_TEAM = 836DYQVDP8;
				INFOPLIST_FILE = MakeButton/Info.plist;
				LD_RUNPATH_SEARCH_PATHS = "$(inherited) @executable_path/Frameworks";
				PRODUCT_BUNDLE_IDENTIFIER = com.leejun.MakeButton;
				PRODUCT_NAME = "$(TARGET_NAME)";
				SWIFT_VERSION = 3.0;
			};
			name = Release;
		};
/* End XCBuildConfiguration section */

/* Begin XCConfigurationList section */
		72BAB3331F1D1B4E00B99B93 /* Build configuration list for PBXProject "MakeButton" */ = {
			isa = XCConfigurationList;
			buildConfigurations = (
				72BAB3481F1D1B4E00B99B93 /* Debug */,
				72BAB3491F1D1B4E00B99B93 /* Release */,
			);
			defaultConfigurationIsVisible = 0;
			defaultConfigurationName = Release;
		};
		72BAB34A1F1D1B4E00B99B93 /* Build configuration list for PBXNativeTarget "MakeButton" */ = {
			isa = XCConfigurationList;
			buildConfigurations = (
				72BAB34B1F1D1B4E00B99B93 /* Debug */,
				72BAB34C1F1D1B4E00B99B93 /* Release */,
			);
			defaultConfigurationIsVisible = 0;
			defaultConfigurationName = Release;
		};
/* End XCConfigurationList section */
	};
	rootObject = 72BAB3301F1D1B4E00B99B93 /* Project object */;
}
