// !$*UTF8*$!
{
	archiveVersion = 1;
	classes = {
	};
	objectVersion = 46;
	objects = {

/* Begin PBXBuildFile section */
		7220506B1F08ADE900B3E6D6 /* MapViewController.swift in Sources */ = {isa = PBXBuildFile; fileRef = 7220506A1F08ADE900B3E6D6 /* MapViewController.swift */; };
		7226E0C21F0AB10E00113142 /* WebViewController.swift in Sources */ = {isa = PBXBuildFile; fileRef = 7226E0C11F0AB10E00113142 /* WebViewController.swift */; };
		722C16361F06748E0059A536 /* AppDelegate.swift in Sources */ = {isa = PBXBuildFile; fileRef = 722C16351F06748E0059A536 /* AppDelegate.swift */; };
		722C163B1F06748E0059A536 /* Main.storyboard in Resources */ = {isa = PBXBuildFile; fileRef = 722C16391F06748E0059A536 /* Main.storyboard */; };
		722C163D1F06748E0059A536 /* Assets.xcassets in Resources */ = {isa = PBXBuildFile; fileRef = 722C163C1F06748E0059A536 /* Assets.xcassets */; };
		722C16401F06748E0059A536 /* LaunchScreen.storyboard in Resources */ = {isa = PBXBuildFile; fileRef = 722C163E1F06748E0059A536 /* LaunchScreen.storyboard */; };
		723C81261F07E7AD009D671C /* ConversionViewController.swift in Sources */ = {isa = PBXBuildFile; fileRef = 723C81251F07E7AD009D671C /* ConversionViewController.swift */; };
		723C81291F08A79C009D671C /* MapKit.framework in Frameworks */ = {isa = PBXBuildFile; fileRef = 723C81281F08A79C009D671C /* MapKit.framework */; };
		72CCACAA1F0CD09500BFC318 /* Localizable.strings in Resources */ = {isa = PBXBuildFile; fileRef = 72CCACAC1F0CD09500BFC318 /* Localizable.strings */; };
/* End PBXBuildFile section */

/* Begin PBXFileReference section */
		7220506A1F08ADE900B3E6D6 /* MapViewController.swift */ = {isa = PBXFileReference; fileEncoding = 4; lastKnownFileType = sourcecode.swift; path = MapViewController.swift; sourceTree = "<group>"; };
		7226E0C11F0AB10E00113142 /* WebViewController.swift */ = {isa = PBXFileReference; fileEncoding = 4; lastKnownFileType = sourcecode.swift; path = WebViewController.swift; sourceTree = "<group>"; };
		722C16321F06748E0059A536 /* WorldTrotter.app */ = {isa = PBXFileReference; explicitFileType = wrapper.application; includeInIndex = 0; path = WorldTrotter.app; sourceTree = BUILT_PRODUCTS_DIR; };
		722C16351F06748E0059A536 /* AppDelegate.swift */ = {isa = PBXFileReference; lastKnownFileType = sourcecode.swift; path = AppDelegate.swift; sourceTree = "<group>"; };
		722C163A1F06748E0059A536 /* Base */ = {isa = PBXFileReference; lastKnownFileType = file.storyboard; name = Base; path = Base.lproj/Main.storyboard; sourceTree = "<group>"; };
		722C163C1F06748E0059A536 /* Assets.xcassets */ = {isa = PBXFileReference; lastKnownFileType = folder.assetcatalog; path = Assets.xcassets; sourceTree = "<group>"; };
		722C163F1F06748E0059A536 /* Base */ = {isa = PBXFileReference; lastKnownFileType = file.storyboard; name = Base; path = Base.lproj/LaunchScreen.storyboard; sourceTree = "<group>"; };
		722C16411F06748E0059A536 /* Info.plist */ = {isa = PBXFileReference; lastKnownFileType = text.plist.xml; path = Info.plist; sourceTree = "<group>"; };
		723C81251F07E7AD009D671C /* ConversionViewController.swift */ = {isa = PBXFileReference; fileEncoding = 4; lastKnownFileType = sourcecode.swift; path = ConversionViewController.swift; sourceTree = "<group>"; };
		723C81281F08A79C009D671C /* MapKit.framework */ = {isa = PBXFileReference; lastKnownFileType = wrapper.framework; name = MapKit.framework; path = System/Library/Frameworks/MapKit.framework; sourceTree = SDKROOT; };
		72627EE81F0CC96100AA742A /* en */ = {isa = PBXFileReference; lastKnownFileType = text.plist.strings; name = en; path = en.lproj/Main.strings; sourceTree = "<group>"; };
		72627EEB1F0CC99300AA742A /* ko */ = {isa = PBXFileReference; lastKnownFileType = text.plist.strings; name = ko; path = ko.lproj/Main.strings; sourceTree = "<group>"; };
		72CCACAB1F0CD09500BFC318 /* Base */ = {isa = PBXFileReference; lastKnownFileType = text.plist.strings; name = Base; path = Base.lproj/Localizable.strings; sourceTree = "<group>"; };
		72CCACAD1F0CD09C00BFC318 /* en */ = {isa = PBXFileReference; lastKnownFileType = text.plist.strings; name = en; path = en.lproj/Localizable.strings; sourceTree = "<group>"; };
		72CCACAE1F0CD09E00BFC318 /* ko */ = {isa = PBXFileReference; lastKnownFileType = text.plist.strings; name = ko; path = ko.lproj/Localizable.strings; sourceTree = "<group>"; };
		72CCACAF1F0CD16100BFC318 /* ja */ = {isa = PBXFileReference; lastKnownFileType = text.plist.strings; name = ja; path = ja.lproj/Main.strings; sourceTree = "<group>"; };
		72CCACB01F0CD16100BFC318 /* ja */ = {isa = PBXFileReference; lastKnownFileType = text.plist.strings; name = ja; path = ja.lproj/LaunchScreen.strings; sourceTree = "<group>"; };
		72CCACB11F0CD16100BFC318 /* ja */ = {isa = PBXFileReference; lastKnownFileType = text.plist.strings; name = ja; path = ja.lproj/Localizable.strings; sourceTree = "<group>"; };
/* End PBXFileReference section */

/* Begin PBXFrameworksBuildPhase section */
		722C162F1F06748E0059A536 /* Frameworks */ = {
			isa = PBXFrameworksBuildPhase;
			buildActionMask = 2147483647;
			files = (
				723C81291F08A79C009D671C /* MapKit.framework in Frameworks */,
			);
			runOnlyForDeploymentPostprocessing = 0;
		};
/* End PBXFrameworksBuildPhase section */

/* Begin PBXGroup section */
		722C16291F06748D0059A536 = {
			isa = PBXGroup;
			children = (
				722C16341F06748E0059A536 /* WorldTrotter */,
				722C16331F06748E0059A536 /* Products */,
				723C81271F08A79C009D671C /* Frameworks */,
			);
			sourceTree = "<group>";
		};
		722C16331F06748E0059A536 /* Products */ = {
			isa = PBXGroup;
			children = (
				722C16321F06748E0059A536 /* WorldTrotter.app */,
			);
			name = Products;
			sourceTree = "<group>";
		};
		722C16341F06748E0059A536 /* WorldTrotter */ = {
			isa = PBXGroup;
			children = (
				723C81251F07E7AD009D671C /* ConversionViewController.swift */,
				722C16351F06748E0059A536 /* AppDelegate.swift */,
				722C16391F06748E0059A536 /* Main.storyboard */,
				7226E0C11F0AB10E00113142 /* WebViewController.swift */,
				7220506A1F08ADE900B3E6D6 /* MapViewController.swift */,
				722C163C1F06748E0059A536 /* Assets.xcassets */,
				722C163E1F06748E0059A536 /* LaunchScreen.storyboard */,
				722C16411F06748E0059A536 /* Info.plist */,
				72CCACAC1F0CD09500BFC318 /* Localizable.strings */,
			);
			path = WorldTrotter;
			sourceTree = "<group>";
		};
		723C81271F08A79C009D671C /* Frameworks */ = {
			isa = PBXGroup;
			children = (
				723C81281F08A79C009D671C /* MapKit.framework */,
			);
			name = Frameworks;
			sourceTree = "<group>";
		};
/* End PBXGroup section */

/* Begin PBXNativeTarget section */
		722C16311F06748E0059A536 /* WorldTrotter */ = {
			isa = PBXNativeTarget;
			buildConfigurationList = 722C16441F06748E0059A536 /* Build configuration list for PBXNativeTarget "WorldTrotter" */;
			buildPhases = (
				722C162E1F06748E0059A536 /* Sources */,
				722C162F1F06748E0059A536 /* Frameworks */,
				722C16301F06748E0059A536 /* Resources */,
			);
			buildRules = (
			);
			dependencies = (
			);
			name = WorldTrotter;
			productName = WorldTrotter;
			productReference = 722C16321F06748E0059A536 /* WorldTrotter.app */;
			productType = "com.apple.product-type.application";
		};
/* End PBXNativeTarget section */

/* Begin PBXProject section */
		722C162A1F06748D0059A536 /* Project object */ = {
			isa = PBXProject;
			attributes = {
				LastSwiftUpdateCheck = 0830;
				LastUpgradeCheck = 0830;
				ORGANIZATIONNAME = LEEJUN;
				TargetAttributes = {
					722C16311F06748E0059A536 = {
						CreatedOnToolsVersion = 8.3.3;
						DevelopmentTeam = 836DYQVDP8;
						ProvisioningStyle = Automatic;
					};
				};
			};
			buildConfigurationList = 722C162D1F06748E0059A536 /* Build configuration list for PBXProject "WorldTrotter" */;
			compatibilityVersion = "Xcode 3.2";
			developmentRegion = English;
			hasScannedForEncodings = 0;
			knownRegions = (
				en,
				Base,
				ko,
				ja,
			);
			mainGroup = 722C16291F06748D0059A536;
			productRefGroup = 722C16331F06748E0059A536 /* Products */;
			projectDirPath = "";
			projectRoot = "";
			targets = (
				722C16311F06748E0059A536 /* WorldTrotter */,
			);
		};
/* End PBXProject section */

/* Begin PBXResourcesBuildPhase section */
		722C16301F06748E0059A536 /* Resources */ = {
			isa = PBXResourcesBuildPhase;
			buildActionMask = 2147483647;
			files = (
				722C16401F06748E0059A536 /* LaunchScreen.storyboard in Resources */,
				72CCACAA1F0CD09500BFC318 /* Localizable.strings in Resources */,
				722C163D1F06748E0059A536 /* Assets.xcassets in Resources */,
				722C163B1F06748E0059A536 /* Main.storyboard in Resources */,
			);
			runOnlyForDeploymentPostprocessing = 0;
		};
/* End PBXResourcesBuildPhase section */

/* Begin PBXSourcesBuildPhase section */
		722C162E1F06748E0059A536 /* Sources */ = {
			isa = PBXSourcesBuildPhase;
			buildActionMask = 2147483647;
			files = (
				723C81261F07E7AD009D671C /* ConversionViewController.swift in Sources */,
				7220506B1F08ADE900B3E6D6 /* MapViewController.swift in Sources */,
				722C16361F06748E0059A536 /* AppDelegate.swift in Sources */,
				7226E0C21F0AB10E00113142 /* WebViewController.swift in Sources */,
			);
			runOnlyForDeploymentPostprocessing = 0;
		};
/* End PBXSourcesBuildPhase section */

/* Begin PBXVariantGroup section */
		722C16391F06748E0059A536 /* Main.storyboard */ = {
			isa = PBXVariantGroup;
			children = (
				722C163A1F06748E0059A536 /* Base */,
				72627EE81F0CC96100AA742A /* en */,
				72627EEB1F0CC99300AA742A /* ko */,
				72CCACAF1F0CD16100BFC318 /* ja */,
			);
			name = Main.storyboard;
			sourceTree = "<group>";
		};
		722C163E1F06748E0059A536 /* LaunchScreen.storyboard */ = {
			isa = PBXVariantGroup;
			children = (
				722C163F1F06748E0059A536 /* Base */,
				72CCACB01F0CD16100BFC318 /* ja */,
			);
			name = LaunchScreen.storyboard;
			sourceTree = "<group>";
		};
		72CCACAC1F0CD09500BFC318 /* Localizable.strings */ = {
			isa = PBXVariantGroup;
			children = (
				72CCACAB1F0CD09500BFC318 /* Base */,
				72CCACAD1F0CD09C00BFC318 /* en */,
				72CCACAE1F0CD09E00BFC318 /* ko */,
				72CCACB11F0CD16100BFC318 /* ja */,
			);
			name = Localizable.strings;
			sourceTree = "<group>";
		};
/* End PBXVariantGroup section */

/* Begin XCBuildConfiguration section */
		722C16421F06748E0059A536 /* Debug */ = {
			isa = XCBuildConfiguration;
			buildSettings = {
				ALWAYS_SEARCH_USER_PATHS = NO;
				CLANG_ANALYZER_LOCALIZABILITY_NONLOCALIZED = YES;
				CLANG_ANALYZER_NONNULL = YES;
				CLANG_ANALYZER_NUMBER_OBJECT_CONVERSION = YES_AGGRESSIVE;
				CLANG_CXX_LANGUAGE_STANDARD = "gnu++0x";
				CLANG_CXX_LIBRARY = "libc++";
				CLANG_ENABLE_MODULES = YES;
				CLANG_ENABLE_OBJC_ARC = YES;
				CLANG_WARN_BOOL_CONVERSION = YES;
				CLANG_WARN_CONSTANT_CONVERSION = YES;
				CLANG_WARN_DIRECT_OBJC_ISA_USAGE = YES_ERROR;
				CLANG_WARN_DOCUMENTATION_COMMENTS = YES;
				CLANG_WARN_EMPTY_BODY = YES;
				CLANG_WARN_ENUM_CONVERSION = YES;
				CLANG_WARN_INFINITE_RECURSION = YES;
				CLANG_WARN_INT_CONVERSION = YES;
				CLANG_WARN_OBJC_ROOT_CLASS = YES_ERROR;
				CLANG_WARN_SUSPICIOUS_MOVE = YES;
				CLANG_WARN_UNREACHABLE_CODE = YES;
				CLANG_WARN__DUPLICATE_METHOD_MATCH = YES;
				"CODE_SIGN_IDENTITY[sdk=iphoneos*]" = "iPhone Developer";
				COPY_PHASE_STRIP = NO;
				DEBUG_INFORMATION_FORMAT = dwarf;
				ENABLE_STRICT_OBJC_MSGSEND = YES;
				ENABLE_TESTABILITY = YES;
				GCC_C_LANGUAGE_STANDARD = gnu99;
				GCC_DYNAMIC_NO_PIC = NO;
				GCC_NO_COMMON_BLOCKS = YES;
				GCC_OPTIMIZATION_LEVEL = 0;
				GCC_PREPROCESSOR_DEFINITIONS = (
					"DEBUG=1",
					"$(inherited)",
				);
				GCC_WARN_64_TO_32_BIT_CONVERSION = YES;
				GCC_WARN_ABOUT_RETURN_TYPE = YES_ERROR;
				GCC_WARN_UNDECLARED_SELECTOR = YES;
				GCC_WARN_UNINITIALIZED_AUTOS = YES_AGGRESSIVE;
				GCC_WARN_UNUSED_FUNCTION = YES;
				GCC_WARN_UNUSED_VARIABLE = YES;
				IPHONEOS_DEPLOYMENT_TARGET = 10.3;
				MTL_ENABLE_DEBUG_INFO = YES;
				ONLY_ACTIVE_ARCH = YES;
				SDKROOT = iphoneos;
				SWIFT_ACTIVE_COMPILATION_CONDITIONS = DEBUG;
				SWIFT_OPTIMIZATION_LEVEL = "-Onone";
			};
			name = Debug;
		};
		722C16431F06748E0059A536 /* Release */ = {
			isa = XCBuildConfiguration;
			buildSettings = {
				ALWAYS_SEARCH_USER_PATHS = NO;
				CLANG_ANALYZER_LOCALIZABILITY_NONLOCALIZED = YES;
				CLANG_ANALYZER_NONNULL = YES;
				CLANG_ANALYZER_NUMBER_OBJECT_CONVERSION = YES_AGGRESSIVE;
				CLANG_CXX_LANGUAGE_STANDARD = "gnu++0x";
				CLANG_CXX_LIBRARY = "libc++";
				CLANG_ENABLE_MODULES = YES;
				CLANG_ENABLE_OBJC_ARC = YES;
				CLANG_WARN_BOOL_CONVERSION = YES;
				CLANG_WARN_CONSTANT_CONVERSION = YES;
				CLANG_WARN_DIRECT_OBJC_ISA_USAGE = YES_ERROR;
				CLANG_WARN_DOCUMENTATION_COMMENTS = YES;
				CLANG_WARN_EMPTY_BODY = YES;
				CLANG_WARN_ENUM_CONVERSION = YES;
				CLANG_WARN_INFINITE_RECURSION = YES;
				CLANG_WARN_INT_CONVERSION = YES;
				CLANG_WARN_OBJC_ROOT_CLASS = YES_ERROR;
				CLANG_WARN_SUSPICIOUS_MOVE = YES;
				CLANG_WARN_UNREACHABLE_CODE = YES;
				CLANG_WARN__DUPLICATE_METHOD_MATCH = YES;
				"CODE_SIGN_IDENTITY[sdk=iphoneos*]" = "iPhone Developer";
				COPY_PHASE_STRIP = NO;
				DEBUG_INFORMATION_FORMAT = "dwarf-with-dsym";
				ENABLE_NS_ASSERTIONS = NO;
				ENABLE_STRICT_OBJC_MSGSEND = YES;
				GCC_C_LANGUAGE_STANDARD = gnu99;
				GCC_NO_COMMON_BLOCKS = YES;
				GCC_WARN_64_TO_32_BIT_CONVERSION = YES;
				GCC_WARN_ABOUT_RETURN_TYPE = YES_ERROR;
				GCC_WARN_UNDECLARED_SELECTOR = YES;
				GCC_WARN_UNINITIALIZED_AUTOS = YES_AGGRESSIVE;
				GCC_WARN_UNUSED_FUNCTION = YES;
				GCC_WARN_UNUSED_VARIABLE = YES;
				IPHONEOS_DEPLOYMENT_TARGET = 10.3;
				MTL_ENABLE_DEBUG_INFO = NO;
				SDKROOT = iphoneos;
				SWIFT_OPTIMIZATION_LEVEL = "-Owholemodule";
				VALIDATE_PRODUCT = YES;
			};
			name = Release;
		};
		722C16451F06748E0059A536 /* Debug */ = {
			isa = XCBuildConfiguration;
			buildSettings = {
				ASSETCATALOG_COMPILER_APPICON_NAME = AppIcon;
				DEVELOPMENT_TEAM = 836DYQVDP8;
				INFOPLIST_FILE = WorldTrotter/Info.plist;
				LD_RUNPATH_SEARCH_PATHS = "$(inherited) @executable_path/Frameworks";
				PRODUCT_BUNDLE_IDENTIFIER = com.leejun.WorldTrotter;
				PRODUCT_NAME = "$(TARGET_NAME)";
				SWIFT_VERSION = 3.0;
			};
			name = Debug;
		};
		722C16461F06748E0059A536 /* Release */ = {
			isa = XCBuildConfiguration;
			buildSettings = {
				ASSETCATALOG_COMPILER_APPICON_NAME = AppIcon;
				DEVELOPMENT_TEAM = 836DYQVDP8;
				INFOPLIST_FILE = WorldTrotter/Info.plist;
				LD_RUNPATH_SEARCH_PATHS = "$(inherited) @executable_path/Frameworks";
				PRODUCT_BUNDLE_IDENTIFIER = com.leejun.WorldTrotter;
				PRODUCT_NAME = "$(TARGET_NAME)";
				SWIFT_VERSION = 3.0;
			};
			name = Release;
		};
/* End XCBuildConfiguration section */

/* Begin XCConfigurationList section */
		722C162D1F06748E0059A536 /* Build configuration list for PBXProject "WorldTrotter" */ = {
			isa = XCConfigurationList;
			buildConfigurations = (
				722C16421F06748E0059A536 /* Debug */,
				722C16431F06748E0059A536 /* Release */,
			);
			defaultConfigurationIsVisible = 0;
			defaultConfigurationName = Release;
		};
		722C16441F06748E0059A536 /* Build configuration list for PBXNativeTarget "WorldTrotter" */ = {
			isa = XCConfigurationList;
			buildConfigurations = (
				722C16451F06748E0059A536 /* Debug */,
				722C16461F06748E0059A536 /* Release */,
			);
			defaultConfigurationIsVisible = 0;
			defaultConfigurationName = Release;
		};
/* End XCConfigurationList section */
	};
	rootObject = 722C162A1F06748D0059A536 /* Project object */;
}
