// !$*UTF8*$!
{
	archiveVersion = 1;
	classes = {
	};
	objectVersion = 46;
	objects = {

/* Begin PBXBuildFile section */
		7218F3951F2325F9002D79EF /* PlayViewController.swift in Sources */ = {isa = PBXBuildFile; fileRef = 7218F3941F2325F9002D79EF /* PlayViewController.swift */; };
		728EBE231F2263A800EFB937 /* AppDelegate.swift in Sources */ = {isa = PBXBuildFile; fileRef = 728EBE221F2263A800EFB937 /* AppDelegate.swift */; };
		728EBE281F2263A800EFB937 /* Main.storyboard in Resources */ = {isa = PBXBuildFile; fileRef = 728EBE261F2263A800EFB937 /* Main.storyboard */; };
		728EBE2A1F2263A800EFB937 /* Assets.xcassets in Resources */ = {isa = PBXBuildFile; fileRef = 728EBE291F2263A800EFB937 /* Assets.xcassets */; };
		728EBE2D1F2263A800EFB937 /* LaunchScreen.storyboard in Resources */ = {isa = PBXBuildFile; fileRef = 728EBE2B1F2263A800EFB937 /* LaunchScreen.storyboard */; };
		728EBE351F2264AF00EFB937 /* StartViewController.swift in Sources */ = {isa = PBXBuildFile; fileRef = 728EBE341F2264AF00EFB937 /* StartViewController.swift */; };
		72E582DE1F237A6E00FBC817 /* GameButton.swift in Sources */ = {isa = PBXBuildFile; fileRef = 72E582DD1F237A6E00FBC817 /* GameButton.swift */; };
		72E582E81F24836A00FBC817 /* Record.swift in Sources */ = {isa = PBXBuildFile; fileRef = 72E582E71F24836A00FBC817 /* Record.swift */; };
		72E582EA1F2483B900FBC817 /* RecordStore.swift in Sources */ = {isa = PBXBuildFile; fileRef = 72E582E91F2483B900FBC817 /* RecordStore.swift */; };
/* End PBXBuildFile section */

/* Begin PBXFileReference section */
		7218F3941F2325F9002D79EF /* PlayViewController.swift */ = {isa = PBXFileReference; fileEncoding = 4; lastKnownFileType = sourcecode.swift; path = PlayViewController.swift; sourceTree = "<group>"; };
		728EBE1F1F2263A800EFB937 /* OneToTwentyFive.app */ = {isa = PBXFileReference; explicitFileType = wrapper.application; includeInIndex = 0; path = OneToTwentyFive.app; sourceTree = BUILT_PRODUCTS_DIR; };
		728EBE221F2263A800EFB937 /* AppDelegate.swift */ = {isa = PBXFileReference; lastKnownFileType = sourcecode.swift; path = AppDelegate.swift; sourceTree = "<group>"; };
		728EBE271F2263A800EFB937 /* Base */ = {isa = PBXFileReference; lastKnownFileType = file.storyboard; name = Base; path = Base.lproj/Main.storyboard; sourceTree = "<group>"; };
		728EBE291F2263A800EFB937 /* Assets.xcassets */ = {isa = PBXFileReference; lastKnownFileType = folder.assetcatalog; path = Assets.xcassets; sourceTree = "<group>"; };
		728EBE2C1F2263A800EFB937 /* Base */ = {isa = PBXFileReference; lastKnownFileType = file.storyboard; name = Base; path = Base.lproj/LaunchScreen.storyboard; sourceTree = "<group>"; };
		728EBE2E1F2263A800EFB937 /* Info.plist */ = {isa = PBXFileReference; lastKnownFileType = text.plist.xml; path = Info.plist; sourceTree = "<group>"; };
		728EBE341F2264AF00EFB937 /* StartViewController.swift */ = {isa = PBXFileReference; fileEncoding = 4; lastKnownFileType = sourcecode.swift; path = StartViewController.swift; sourceTree = "<group>"; };
		72E582DD1F237A6E00FBC817 /* GameButton.swift */ = {isa = PBXFileReference; fileEncoding = 4; lastKnownFileType = sourcecode.swift; path = GameButton.swift; sourceTree = "<group>"; };
		72E582E71F24836A00FBC817 /* Record.swift */ = {isa = PBXFileReference; fileEncoding = 4; lastKnownFileType = sourcecode.swift; path = Record.swift; sourceTree = "<group>"; };
		72E582E91F2483B900FBC817 /* RecordStore.swift */ = {isa = PBXFileReference; fileEncoding = 4; lastKnownFileType = sourcecode.swift; path = RecordStore.swift; sourceTree = "<group>"; };
/* End PBXFileReference section */

/* Begin PBXFrameworksBuildPhase section */
		728EBE1C1F2263A800EFB937 /* Frameworks */ = {
			isa = PBXFrameworksBuildPhase;
			buildActionMask = 2147483647;
			files = (
			);
			runOnlyForDeploymentPostprocessing = 0;
		};
/* End PBXFrameworksBuildPhase section */

/* Begin PBXGroup section */
		728EBE161F2263A800EFB937 = {
			isa = PBXGroup;
			children = (
				728EBE211F2263A800EFB937 /* OneToTwentyFive */,
				728EBE201F2263A800EFB937 /* Products */,
			);
			sourceTree = "<group>";
		};
		728EBE201F2263A800EFB937 /* Products */ = {
			isa = PBXGroup;
			children = (
				728EBE1F1F2263A800EFB937 /* OneToTwentyFive.app */,
			);
			name = Products;
			sourceTree = "<group>";
		};
		728EBE211F2263A800EFB937 /* OneToTwentyFive */ = {
			isa = PBXGroup;
			children = (
				728EBE221F2263A800EFB937 /* AppDelegate.swift */,
				728EBE341F2264AF00EFB937 /* StartViewController.swift */,
				7218F3941F2325F9002D79EF /* PlayViewController.swift */,
				72E582DD1F237A6E00FBC817 /* GameButton.swift */,
				72E582E91F2483B900FBC817 /* RecordStore.swift */,
				72E582E71F24836A00FBC817 /* Record.swift */,
				728EBE261F2263A800EFB937 /* Main.storyboard */,
				728EBE291F2263A800EFB937 /* Assets.xcassets */,
				728EBE2B1F2263A800EFB937 /* LaunchScreen.storyboard */,
				728EBE2E1F2263A800EFB937 /* Info.plist */,
			);
			path = OneToTwentyFive;
			sourceTree = "<group>";
		};
/* End PBXGroup section */

/* Begin PBXNativeTarget section */
		728EBE1E1F2263A800EFB937 /* OneToTwentyFive */ = {
			isa = PBXNativeTarget;
			buildConfigurationList = 728EBE311F2263A800EFB937 /* Build configuration list for PBXNativeTarget "OneToTwentyFive" */;
			buildPhases = (
				728EBE1B1F2263A800EFB937 /* Sources */,
				728EBE1C1F2263A800EFB937 /* Frameworks */,
				728EBE1D1F2263A800EFB937 /* Resources */,
			);
			buildRules = (
			);
			dependencies = (
			);
			name = OneToTwentyFive;
			productName = OneToTwentyFive;
			productReference = 728EBE1F1F2263A800EFB937 /* OneToTwentyFive.app */;
			productType = "com.apple.product-type.application";
		};
/* End PBXNativeTarget section */

/* Begin PBXProject section */
		728EBE171F2263A800EFB937 /* Project object */ = {
			isa = PBXProject;
			attributes = {
				LastSwiftUpdateCheck = 0830;
				LastUpgradeCheck = 0830;
				ORGANIZATIONNAME = LEEJUN;
				TargetAttributes = {
					728EBE1E1F2263A800EFB937 = {
						CreatedOnToolsVersion = 8.3.3;
						DevelopmentTeam = 836DYQVDP8;
						ProvisioningStyle = Automatic;
					};
				};
			};
			buildConfigurationList = 728EBE1A1F2263A800EFB937 /* Build configuration list for PBXProject "OneToTwentyFive" */;
			compatibilityVersion = "Xcode 3.2";
			developmentRegion = English;
			hasScannedForEncodings = 0;
			knownRegions = (
				en,
				Base,
			);
			mainGroup = 728EBE161F2263A800EFB937;
			productRefGroup = 728EBE201F2263A800EFB937 /* Products */;
			projectDirPath = "";
			projectRoot = "";
			targets = (
				728EBE1E1F2263A800EFB937 /* OneToTwentyFive */,
			);
		};
/* End PBXProject section */

/* Begin PBXResourcesBuildPhase section */
		728EBE1D1F2263A800EFB937 /* Resources */ = {
			isa = PBXResourcesBuildPhase;
			buildActionMask = 2147483647;
			files = (
				728EBE2D1F2263A800EFB937 /* LaunchScreen.storyboard in Resources */,
				728EBE2A1F2263A800EFB937 /* Assets.xcassets in Resources */,
				728EBE281F2263A800EFB937 /* Main.storyboard in Resources */,
			);
			runOnlyForDeploymentPostprocessing = 0;
		};
/* End PBXResourcesBuildPhase section */

/* Begin PBXSourcesBuildPhase section */
		728EBE1B1F2263A800EFB937 /* Sources */ = {
			isa = PBXSourcesBuildPhase;
			buildActionMask = 2147483647;
			files = (
				728EBE231F2263A800EFB937 /* AppDelegate.swift in Sources */,
				72E582DE1F237A6E00FBC817 /* GameButton.swift in Sources */,
				72E582E81F24836A00FBC817 /* Record.swift in Sources */,
				7218F3951F2325F9002D79EF /* PlayViewController.swift in Sources */,
				72E582EA1F2483B900FBC817 /* RecordStore.swift in Sources */,
				728EBE351F2264AF00EFB937 /* StartViewController.swift in Sources */,
			);
			runOnlyForDeploymentPostprocessing = 0;
		};
/* End PBXSourcesBuildPhase section */

/* Begin PBXVariantGroup section */
		728EBE261F2263A800EFB937 /* Main.storyboard */ = {
			isa = PBXVariantGroup;
			children = (
				728EBE271F2263A800EFB937 /* Base */,
			);
			name = Main.storyboard;
			sourceTree = "<group>";
		};
		728EBE2B1F2263A800EFB937 /* LaunchScreen.storyboard */ = {
			isa = PBXVariantGroup;
			children = (
				728EBE2C1F2263A800EFB937 /* Base */,
			);
			name = LaunchScreen.storyboard;
			sourceTree = "<group>";
		};
/* End PBXVariantGroup section */

/* Begin XCBuildConfiguration section */
		728EBE2F1F2263A800EFB937 /* Debug */ = {
			isa = XCBuildConfiguration;
			buildSettings = {
				ALWAYS_SEARCH_USER_PATHS = NO;
				CLANG_ANALYZER_NONNULL = YES;
				CLANG_ANALYZER_NUMBER_OBJECT_CONVERSION = YES_AGGRESSIVE;
				CLANG_CXX_LANGUAGE_STANDARD = "gnu++0x";
				CLANG_CXX_LIBRARY = "libc++";
				CLANG_ENABLE_MODULES = YES;
				CLANG_ENABLE_OBJC_ARC = YES;
				CLANG_WARN_BOOL_CONVERSION = YES;
				CLANG_WARN_CONSTANT_CONVERSION = YES;
				CLANG_WARN_DIRECT_OBJC_ISA_USAGE = YES_ERROR;
				CLANG_WARN_DOCUMENTATION_COMMENTS = YES;
				CLANG_WARN_EMPTY_BODY = YES;
				CLANG_WARN_ENUM_CONVERSION = YES;
				CLANG_WARN_INFINITE_RECURSION = YES;
				CLANG_WARN_INT_CONVERSION = YES;
				CLANG_WARN_OBJC_ROOT_CLASS = YES_ERROR;
				CLANG_WARN_SUSPICIOUS_MOVE = YES;
				CLANG_WARN_UNREACHABLE_CODE = YES;
				CLANG_WARN__DUPLICATE_METHOD_MATCH = YES;
				"CODE_SIGN_IDENTITY[sdk=iphoneos*]" = "iPhone Developer";
				COPY_PHASE_STRIP = NO;
				DEBUG_INFORMATION_FORMAT = dwarf;
				ENABLE_STRICT_OBJC_MSGSEND = YES;
				ENABLE_TESTABILITY = YES;
				GCC_C_LANGUAGE_STANDARD = gnu99;
				GCC_DYNAMIC_NO_PIC = NO;
				GCC_NO_COMMON_BLOCKS = YES;
				GCC_OPTIMIZATION_LEVEL = 0;
				GCC_PREPROCESSOR_DEFINITIONS = (
					"DEBUG=1",
					"$(inherited)",
				);
				GCC_WARN_64_TO_32_BIT_CONVERSION = YES;
				GCC_WARN_ABOUT_RETURN_TYPE = YES_ERROR;
				GCC_WARN_UNDECLARED_SELECTOR = YES;
				GCC_WARN_UNINITIALIZED_AUTOS = YES_AGGRESSIVE;
				GCC_WARN_UNUSED_FUNCTION = YES;
				GCC_WARN_UNUSED_VARIABLE = YES;
				IPHONEOS_DEPLOYMENT_TARGET = 10.3;
				MTL_ENABLE_DEBUG_INFO = YES;
				ONLY_ACTIVE_ARCH = YES;
				SDKROOT = iphoneos;
				SWIFT_ACTIVE_COMPILATION_CONDITIONS = DEBUG;
				SWIFT_OPTIMIZATION_LEVEL = "-Onone";
			};
			name = Debug;
		};
		728EBE301F2263A800EFB937 /* Release */ = {
			isa = XCBuildConfiguration;
			buildSettings = {
				ALWAYS_SEARCH_USER_PATHS = NO;
				CLANG_ANALYZER_NONNULL = YES;
				CLANG_ANALYZER_NUMBER_OBJECT_CONVERSION = YES_AGGRESSIVE;
				CLANG_CXX_LANGUAGE_STANDARD = "gnu++0x";
				CLANG_CXX_LIBRARY = "libc++";
				CLANG_ENABLE_MODULES = YES;
				CLANG_ENABLE_OBJC_ARC = YES;
				CLANG_WARN_BOOL_CONVERSION = YES;
				CLANG_WARN_CONSTANT_CONVERSION = YES;
				CLANG_WARN_DIRECT_OBJC_ISA_USAGE = YES_ERROR;
				CLANG_WARN_DOCUMENTATION_COMMENTS = YES;
				CLANG_WARN_EMPTY_BODY = YES;
				CLANG_WARN_ENUM_CONVERSION = YES;
				CLANG_WARN_INFINITE_RECURSION = YES;
				CLANG_WARN_INT_CONVERSION = YES;
				CLANG_WARN_OBJC_ROOT_CLASS = YES_ERROR;
				CLANG_WARN_SUSPICIOUS_MOVE = YES;
				CLANG_WARN_UNREACHABLE_CODE = YES;
				CLANG_WARN__DUPLICATE_METHOD_MATCH = YES;
				"CODE_SIGN_IDENTITY[sdk=iphoneos*]" = "iPhone Developer";
				COPY_PHASE_STRIP = NO;
				DEBUG_INFORMATION_FORMAT = "dwarf-with-dsym";
				ENABLE_NS_ASSERTIONS = NO;
				ENABLE_STRICT_OBJC_MSGSEND = YES;
				GCC_C_LANGUAGE_STANDARD = gnu99;
				GCC_NO_COMMON_BLOCKS = YES;
				GCC_WARN_64_TO_32_BIT_CONVERSION = YES;
				GCC_WARN_ABOUT_RETURN_TYPE = YES_ERROR;
				GCC_WARN_UNDECLARED_SELECTOR = YES;
				GCC_WARN_UNINITIALIZED_AUTOS = YES_AGGRESSIVE;
				GCC_WARN_UNUSED_FUNCTION = YES;
				GCC_WARN_UNUSED_VARIABLE = YES;
				IPHONEOS_DEPLOYMENT_TARGET = 10.3;
				MTL_ENABLE_DEBUG_INFO = NO;
				SDKROOT = iphoneos;
				SWIFT_OPTIMIZATION_LEVEL = "-Owholemodule";
				VALIDATE_PRODUCT = YES;
			};
			name = Release;
		};
		728EBE321F2263A800EFB937 /* Debug */ = {
			isa = XCBuildConfiguration;
			buildSettings = {
				ASSETCATALOG_COMPILER_APPICON_NAME = AppIcon;
				DEVELOPMENT_TEAM = 836DYQVDP8;
				INFOPLIST_FILE = OneToTwentyFive/Info.plist;
				LD_RUNPATH_SEARCH_PATHS = "$(inherited) @executable_path/Frameworks";
				PRODUCT_BUNDLE_IDENTIFIER = com.leejun.OneToTwentyFive;
				PRODUCT_NAME = "$(TARGET_NAME)";
				SWIFT_VERSION = 3.0;
			};
			name = Debug;
		};
		728EBE331F2263A800EFB937 /* Release */ = {
			isa = XCBuildConfiguration;
			buildSettings = {
				ASSETCATALOG_COMPILER_APPICON_NAME = AppIcon;
				DEVELOPMENT_TEAM = 836DYQVDP8;
				INFOPLIST_FILE = OneToTwentyFive/Info.plist;
				LD_RUNPATH_SEARCH_PATHS = "$(inherited) @executable_path/Frameworks";
				PRODUCT_BUNDLE_IDENTIFIER = com.leejun.OneToTwentyFive;
				PRODUCT_NAME = "$(TARGET_NAME)";
				SWIFT_VERSION = 3.0;
			};
			name = Release;
		};
/* End XCBuildConfiguration section */

/* Begin XCConfigurationList section */
		728EBE1A1F2263A800EFB937 /* Build configuration list for PBXProject "OneToTwentyFive" */ = {
			isa = XCConfigurationList;
			buildConfigurations = (
				728EBE2F1F2263A800EFB937 /* Debug */,
				728EBE301F2263A800EFB937 /* Release */,
			);
			defaultConfigurationIsVisible = 0;
			defaultConfigurationName = Release;
		};
		728EBE311F2263A800EFB937 /* Build configuration list for PBXNativeTarget "OneToTwentyFive" */ = {
			isa = XCConfigurationList;
			buildConfigurations = (
				728EBE321F2263A800EFB937 /* Debug */,
				728EBE331F2263A800EFB937 /* Release */,
			);
			defaultConfigurationIsVisible = 0;
			defaultConfigurationName = Release;
		};
/* End XCConfigurationList section */
	};
	rootObject = 728EBE171F2263A800EFB937 /* Project object */;
}
